{
  "name": "sigma",
  "version": "1.0.0",
  "lockfileVersion": 2,
  "requires": true,
  "packages": {
    "": {
      "name": "sigma",
      "version": "1.0.0",
      "license": "ISC",
      "dependencies": {
        "@dmuy/datepicker": "^2.0.1-rc"
      }
    },
    "node_modules/@dmuy/datepicker": {
      "version": "2.0.1-rc",
      "resolved": "https://registry.npmjs.org/@dmuy/datepicker/-/datepicker-2.0.1-rc.tgz",
      "integrity": "sha512-IHB4+agAw1x8CLV6LLLiULWp/7diZKnBk1jwNT8PlAqpXAzHjLjpfi8A2rUESctwNYiga8x7G6S/WLbT9m7fYw=="
    }
  },
  "dependencies": {
    "@dmuy/datepicker": {
      "version": "2.0.1-rc",
      "resolved": "https://registry.npmjs.org/@dmuy/datepicker/-/datepicker-2.0.1-rc.tgz",
      "integrity": "sha512-IHB4+agAw1x8CLV6LLLiULWp/7diZKnBk1jwNT8PlAqpXAzHjLjpfi8A2rUESctwNYiga8x7G6S/WLbT9m7fYw=="
    }
  }
}
