{
  "requires": true,
  "lockfileVersion": 1,
  "dependencies": {
    "@dmuy/datepicker": {
      "version": "2.0.1-rc",
      "resolved": "https://registry.npmjs.org/@dmuy/datepicker/-/datepicker-2.0.1-rc.tgz",
      "integrity": "sha512-IHB4+agAw1x8CLV6LLLiULWp/7diZKnBk1jwNT8PlAqpXAzHjLjpfi8A2rUESctwNYiga8x7G6S/WLbT9m7fYw=="
    }
  }
}
